{
  "name": "wattivet",
  "lockfileVersion": 2,
  "requires": true,
  "packages": {
    "": {
      "dependencies": {
        "@cloudinary/url-gen": "^1.19.0"
      }
    },
    "node_modules/@cloudinary/transformation-builder-sdk": {
      "version": "1.13.2",
      "resolved": "https://registry.npmjs.org/@cloudinary/transformation-builder-sdk/-/transformation-builder-sdk-1.13.2.tgz",
      "integrity": "sha512-GuM+gItKLR7GGYr4IFNQ2ALaykz7jjqqeycJacoN5p0Cswm+S2bA2x0P3I/Wq8V1WWqmW/TC82m0+1zhPIzGRg==",
      "dependencies": {
        "@cloudinary/url-gen": "^1.7.0"
      }
    },
    "node_modules/@cloudinary/url-gen": {
      "version": "1.19.0",
      "resolved": "https://registry.npmjs.org/@cloudinary/url-gen/-/url-gen-1.19.0.tgz",
      "integrity": "sha512-3WSqYAMEe8lcYMFmkNPhOfv6Ql76mpf8O7YEC+CCaoIYrfBubzzeF8yENCaZK9tFJEHvMepI+uWWfilNrz48XA==",
      "dependencies": {
        "@cloudinary/transformation-builder-sdk": "^1.13.0"
      }
    }
  },
  "dependencies": {
    "@cloudinary/transformation-builder-sdk": {
      "version": "1.13.2",
      "resolved": "https://registry.npmjs.org/@cloudinary/transformation-builder-sdk/-/transformation-builder-sdk-1.13.2.tgz",
      "integrity": "sha512-GuM+gItKLR7GGYr4IFNQ2ALaykz7jjqqeycJacoN5p0Cswm+S2bA2x0P3I/Wq8V1WWqmW/TC82m0+1zhPIzGRg==",
      "requires": {
        "@cloudinary/url-gen": "^1.7.0"
      }
    },
    "@cloudinary/url-gen": {
      "version": "1.19.0",
      "resolved": "https://registry.npmjs.org/@cloudinary/url-gen/-/url-gen-1.19.0.tgz",
      "integrity": "sha512-3WSqYAMEe8lcYMFmkNPhOfv6Ql76mpf8O7YEC+CCaoIYrfBubzzeF8yENCaZK9tFJEHvMepI+uWWfilNrz48XA==",
      "requires": {
        "@cloudinary/transformation-builder-sdk": "^1.13.0"
      }
    }
  }
}
